
Microsoft Visual Studio Solution File, Format Version 12.00
# Visual Studio Version 17
VisualStudioVersion = 17.8.34330.188
MinimumVisualStudioVersion = 10.0.40219.1
Project("{FAE04EC0-301F-11D3-BF4B-00C04F79EFBC}") = "PandaLdr", "PandaLdr.csproj", "{699B242F-8BAF-4623-9DD9-177F4BBA6FD2}"
EndProject
Global
	GlobalSection(SolutionConfigurationPlatforms) = preSolution
		Debug|Any CPU = Debug|Any CPU
		Release|Any CPU = Release|Any CPU
	EndGlobalSection
	GlobalSection(ProjectConfigurationPlatforms) = postSolution
		{699B242F-8BAF-4623-9DD9-177F4BBA6FD2}.Debug|Any CPU.ActiveCfg = Debug|Any CPU
		{699B242F-8BAF-4623-9DD9-177F4BBA6FD2}.Debug|Any CPU.Build.0 = Debug|Any CPU
		{699B242F-8BAF-4623-9DD9-177F4BBA6FD2}.Release|Any CPU.ActiveCfg = Release|Any CPU
		{699B242F-8BAF-4623-9DD9-177F4BBA6FD2}.Release|Any CPU.Build.0 = Release|Any CPU
	EndGlobalSection
	GlobalSection(SolutionProperties) = preSolution
		HideSolutionNode = FALSE
	EndGlobalSection
	GlobalSection(ExtensibilityGlobals) = postSolution
		SolutionGuid = {8346F70C-4141-4B3E-8FF3-E2ED97AB7032}
	EndGlobalSection
EndGlobal
