
Microsoft Visual Studio Solution File, Format Version 12.00
# Visual Studio Version 17
VisualStudioVersion = 17.8.34330.188
MinimumVisualStudioVersion = 10.0.40219.1
Project("{FAE04EC0-301F-11D3-BF4B-00C04F79EFBC}") = "PandaLdr", "PandaLdr.csproj", "{68FAE861-85F2-4461-867D-B30493A16E8A}"
EndProject
Global
	GlobalSection(SolutionConfigurationPlatforms) = preSolution
		Debug|Any CPU = Debug|Any CPU
		Release|Any CPU = Release|Any CPU
	EndGlobalSection
	GlobalSection(ProjectConfigurationPlatforms) = postSolution
		{68FAE861-85F2-4461-867D-B30493A16E8A}.Debug|Any CPU.ActiveCfg = Debug|Any CPU
		{68FAE861-85F2-4461-867D-B30493A16E8A}.Debug|Any CPU.Build.0 = Debug|Any CPU
		{68FAE861-85F2-4461-867D-B30493A16E8A}.Release|Any CPU.ActiveCfg = Release|Any CPU
		{68FAE861-85F2-4461-867D-B30493A16E8A}.Release|Any CPU.Build.0 = Release|Any CPU
	EndGlobalSection
	GlobalSection(SolutionProperties) = preSolution
		HideSolutionNode = FALSE
	EndGlobalSection
	GlobalSection(ExtensibilityGlobals) = postSolution
		SolutionGuid = {654A5E08-E8E6-4D57-B2FB-F66662D95739}
	EndGlobalSection
EndGlobal
